
Microsoft Visual Studio Solution File, Format Version 12.00
# Visual Studio Version 17
VisualStudioVersion = 17.10.35027.167
MinimumVisualStudioVersion = 10.0.40219.1
Project("{FAE04EC0-301F-11D3-BF4B-00C04F79EFBC}") = "constructoroverlaoding", "constructoroverlaoding\constructoroverlaoding.csproj", "{B99D5B97-B9E7-4F8F-B2A7-41EDF9A1013F}"
EndProject
Global
	GlobalSection(SolutionConfigurationPlatforms) = preSolution
		Debug|Any CPU = Debug|Any CPU
		Release|Any CPU = Release|Any CPU
	EndGlobalSection
	GlobalSection(ProjectConfigurationPlatforms) = postSolution
		{B99D5B97-B9E7-4F8F-B2A7-41EDF9A1013F}.Debug|Any CPU.ActiveCfg = Debug|Any CPU
		{B99D5B97-B9E7-4F8F-B2A7-41EDF9A1013F}.Debug|Any CPU.Build.0 = Debug|Any CPU
		{B99D5B97-B9E7-4F8F-B2A7-41EDF9A1013F}.Release|Any CPU.ActiveCfg = Release|Any CPU
		{B99D5B97-B9E7-4F8F-B2A7-41EDF9A1013F}.Release|Any CPU.Build.0 = Release|Any CPU
	EndGlobalSection
	GlobalSection(SolutionProperties) = preSolution
		HideSolutionNode = FALSE
	EndGlobalSection
	GlobalSection(ExtensibilityGlobals) = postSolution
		SolutionGuid = {BB5EC54F-4BE5-45E5-A46E-488537EFC754}
	EndGlobalSection
EndGlobal
