
Microsoft Visual Studio Solution File, Format Version 12.00
# Visual Studio Version 17
VisualStudioVersion = 17.10.35027.167
MinimumVisualStudioVersion = 10.0.40219.1
Project("{FAE04EC0-301F-11D3-BF4B-00C04F79EFBC}") = "interface", "interface\interface.csproj", "{07DA485C-D771-4A99-B97C-CBF38F0D6777}"
EndProject
Global
	GlobalSection(SolutionConfigurationPlatforms) = preSolution
		Debug|Any CPU = Debug|Any CPU
		Release|Any CPU = Release|Any CPU
	EndGlobalSection
	GlobalSection(ProjectConfigurationPlatforms) = postSolution
		{07DA485C-D771-4A99-B97C-CBF38F0D6777}.Debug|Any CPU.ActiveCfg = Debug|Any CPU
		{07DA485C-D771-4A99-B97C-CBF38F0D6777}.Debug|Any CPU.Build.0 = Debug|Any CPU
		{07DA485C-D771-4A99-B97C-CBF38F0D6777}.Release|Any CPU.ActiveCfg = Release|Any CPU
		{07DA485C-D771-4A99-B97C-CBF38F0D6777}.Release|Any CPU.Build.0 = Release|Any CPU
	EndGlobalSection
	GlobalSection(SolutionProperties) = preSolution
		HideSolutionNode = FALSE
	EndGlobalSection
	GlobalSection(ExtensibilityGlobals) = postSolution
		SolutionGuid = {A8A9E9ED-0C32-4199-93CD-A99206B366D1}
	EndGlobalSection
EndGlobal
