
Microsoft Visual Studio Solution File, Format Version 12.00
# Visual Studio Version 17
VisualStudioVersion = 17.10.35027.167
MinimumVisualStudioVersion = 10.0.40219.1
Project("{FAE04EC0-301F-11D3-BF4B-00C04F79EFBC}") = "multiplication", "multiplication\multiplication.csproj", "{4AA0471C-3BA9-48B0-BDEB-7BA0D5AFC346}"
EndProject
Global
	GlobalSection(SolutionConfigurationPlatforms) = preSolution
		Debug|Any CPU = Debug|Any CPU
		Release|Any CPU = Release|Any CPU
	EndGlobalSection
	GlobalSection(ProjectConfigurationPlatforms) = postSolution
		{4AA0471C-3BA9-48B0-BDEB-7BA0D5AFC346}.Debug|Any CPU.ActiveCfg = Debug|Any CPU
		{4AA0471C-3BA9-48B0-BDEB-7BA0D5AFC346}.Debug|Any CPU.Build.0 = Debug|Any CPU
		{4AA0471C-3BA9-48B0-BDEB-7BA0D5AFC346}.Release|Any CPU.ActiveCfg = Release|Any CPU
		{4AA0471C-3BA9-48B0-BDEB-7BA0D5AFC346}.Release|Any CPU.Build.0 = Release|Any CPU
	EndGlobalSection
	GlobalSection(SolutionProperties) = preSolution
		HideSolutionNode = FALSE
	EndGlobalSection
	GlobalSection(ExtensibilityGlobals) = postSolution
		SolutionGuid = {C2CB518A-8163-40CE-980E-AB0A601B062E}
	EndGlobalSection
EndGlobal
