
Microsoft Visual Studio Solution File, Format Version 12.00
# Visual Studio Version 17
VisualStudioVersion = 17.10.35027.167
MinimumVisualStudioVersion = 10.0.40219.1
Project("{FAE04EC0-301F-11D3-BF4B-00C04F79EFBC}") = "Reverseadd", "Reverseadd\Reverseadd.csproj", "{FDA2066E-604F-4E1E-BB45-E8EC1E72E856}"
EndProject
Global
	GlobalSection(SolutionConfigurationPlatforms) = preSolution
		Debug|Any CPU = Debug|Any CPU
		Release|Any CPU = Release|Any CPU
	EndGlobalSection
	GlobalSection(ProjectConfigurationPlatforms) = postSolution
		{FDA2066E-604F-4E1E-BB45-E8EC1E72E856}.Debug|Any CPU.ActiveCfg = Debug|Any CPU
		{FDA2066E-604F-4E1E-BB45-E8EC1E72E856}.Debug|Any CPU.Build.0 = Debug|Any CPU
		{FDA2066E-604F-4E1E-BB45-E8EC1E72E856}.Release|Any CPU.ActiveCfg = Release|Any CPU
		{FDA2066E-604F-4E1E-BB45-E8EC1E72E856}.Release|Any CPU.Build.0 = Release|Any CPU
	EndGlobalSection
	GlobalSection(SolutionProperties) = preSolution
		HideSolutionNode = FALSE
	EndGlobalSection
	GlobalSection(ExtensibilityGlobals) = postSolution
		SolutionGuid = {A5DD9AD4-B181-4B57-9E7A-C52698B34F1F}
	EndGlobalSection
EndGlobal
