
Microsoft Visual Studio Solution File, Format Version 12.00
# Visual Studio Version 17
VisualStudioVersion = 17.10.35027.167
MinimumVisualStudioVersion = 10.0.40219.1
Project("{FAE04EC0-301F-11D3-BF4B-00C04F79EFBC}") = "temperatureawp", "temperatureawp\temperatureawp.csproj", "{27C0BE11-186C-426E-AEE5-06695DCBF3FD}"
EndProject
Global
	GlobalSection(SolutionConfigurationPlatforms) = preSolution
		Debug|Any CPU = Debug|Any CPU
		Release|Any CPU = Release|Any CPU
	EndGlobalSection
	GlobalSection(ProjectConfigurationPlatforms) = postSolution
		{27C0BE11-186C-426E-AEE5-06695DCBF3FD}.Debug|Any CPU.ActiveCfg = Debug|Any CPU
		{27C0BE11-186C-426E-AEE5-06695DCBF3FD}.Debug|Any CPU.Build.0 = Debug|Any CPU
		{27C0BE11-186C-426E-AEE5-06695DCBF3FD}.Release|Any CPU.ActiveCfg = Release|Any CPU
		{27C0BE11-186C-426E-AEE5-06695DCBF3FD}.Release|Any CPU.Build.0 = Release|Any CPU
	EndGlobalSection
	GlobalSection(SolutionProperties) = preSolution
		HideSolutionNode = FALSE
	EndGlobalSection
	GlobalSection(ExtensibilityGlobals) = postSolution
		SolutionGuid = {87969B0A-95E6-4995-8C60-B008E1F6761B}
	EndGlobalSection
EndGlobal
